
Microsoft Visual Studio Solution File, Format Version 12.00
# Visual Studio 15
VisualStudioVersion = 15.0.26124.0
MinimumVisualStudioVersion = 15.0.26124.0
Project("{2150E333-8FDC-42A3-9474-1A3956D46DE8}") = "src", "src", "{0EEBE0F8-5AB9-4F5A-BDD4-9790EB9C32A9}"
EndProject
Project("{FAE04EC0-301F-11D3-BF4B-00C04F79EFBC}") = "OnConsoleKey", "src\OnConsoleKey\OnConsoleKey.csproj", "{C83E44F0-528B-4833-9DAC-E16E7E14339F}"
EndProject
Project("{FAE04EC0-301F-11D3-BF4B-00C04F79EFBC}") = "OnConsoleKey.Example", "src\OnConsoleKey.Example\OnConsoleKey.Example.csproj", "{5E1D7591-22DD-4204-B425-4833F5CF671B}"
EndProject
Global
	GlobalSection(SolutionConfigurationPlatforms) = preSolution
		Debug|Any CPU = Debug|Any CPU
		Debug|x64 = Debug|x64
		Debug|x86 = Debug|x86
		Release|Any CPU = Release|Any CPU
		Release|x64 = Release|x64
		Release|x86 = Release|x86
	EndGlobalSection
	GlobalSection(SolutionProperties) = preSolution
		HideSolutionNode = FALSE
	EndGlobalSection
	GlobalSection(ProjectConfigurationPlatforms) = postSolution
		{C83E44F0-528B-4833-9DAC-E16E7E14339F}.Debug|Any CPU.ActiveCfg = Debug|Any CPU
		{C83E44F0-528B-4833-9DAC-E16E7E14339F}.Debug|Any CPU.Build.0 = Debug|Any CPU
		{C83E44F0-528B-4833-9DAC-E16E7E14339F}.Debug|x64.ActiveCfg = Debug|Any CPU
		{C83E44F0-528B-4833-9DAC-E16E7E14339F}.Debug|x64.Build.0 = Debug|Any CPU
		{C83E44F0-528B-4833-9DAC-E16E7E14339F}.Debug|x86.ActiveCfg = Debug|Any CPU
		{C83E44F0-528B-4833-9DAC-E16E7E14339F}.Debug|x86.Build.0 = Debug|Any CPU
		{C83E44F0-528B-4833-9DAC-E16E7E14339F}.Release|Any CPU.ActiveCfg = Release|Any CPU
		{C83E44F0-528B-4833-9DAC-E16E7E14339F}.Release|Any CPU.Build.0 = Release|Any CPU
		{C83E44F0-528B-4833-9DAC-E16E7E14339F}.Release|x64.ActiveCfg = Release|Any CPU
		{C83E44F0-528B-4833-9DAC-E16E7E14339F}.Release|x64.Build.0 = Release|Any CPU
		{C83E44F0-528B-4833-9DAC-E16E7E14339F}.Release|x86.ActiveCfg = Release|Any CPU
		{C83E44F0-528B-4833-9DAC-E16E7E14339F}.Release|x86.Build.0 = Release|Any CPU
		{5E1D7591-22DD-4204-B425-4833F5CF671B}.Debug|Any CPU.ActiveCfg = Debug|Any CPU
		{5E1D7591-22DD-4204-B425-4833F5CF671B}.Debug|Any CPU.Build.0 = Debug|Any CPU
		{5E1D7591-22DD-4204-B425-4833F5CF671B}.Debug|x64.ActiveCfg = Debug|Any CPU
		{5E1D7591-22DD-4204-B425-4833F5CF671B}.Debug|x64.Build.0 = Debug|Any CPU
		{5E1D7591-22DD-4204-B425-4833F5CF671B}.Debug|x86.ActiveCfg = Debug|Any CPU
		{5E1D7591-22DD-4204-B425-4833F5CF671B}.Debug|x86.Build.0 = Debug|Any CPU
		{5E1D7591-22DD-4204-B425-4833F5CF671B}.Release|Any CPU.ActiveCfg = Release|Any CPU
		{5E1D7591-22DD-4204-B425-4833F5CF671B}.Release|Any CPU.Build.0 = Release|Any CPU
		{5E1D7591-22DD-4204-B425-4833F5CF671B}.Release|x64.ActiveCfg = Release|Any CPU
		{5E1D7591-22DD-4204-B425-4833F5CF671B}.Release|x64.Build.0 = Release|Any CPU
		{5E1D7591-22DD-4204-B425-4833F5CF671B}.Release|x86.ActiveCfg = Release|Any CPU
		{5E1D7591-22DD-4204-B425-4833F5CF671B}.Release|x86.Build.0 = Release|Any CPU
	EndGlobalSection
	GlobalSection(NestedProjects) = preSolution
		{C83E44F0-528B-4833-9DAC-E16E7E14339F} = {0EEBE0F8-5AB9-4F5A-BDD4-9790EB9C32A9}
		{5E1D7591-22DD-4204-B425-4833F5CF671B} = {0EEBE0F8-5AB9-4F5A-BDD4-9790EB9C32A9}
	EndGlobalSection
EndGlobal
